// !$*UTF8*$!
{
	archiveVersion = 1;
	classes = {
	};
	objectVersion = 50;
	objects = {

/* Begin PBXBuildFile section */
		8125314323BF8344003E9C7F /* AppDelegate.swift in Sources */ = {isa = PBXBuildFile; fileRef = 8125314223BF8344003E9C7F /* AppDelegate.swift */; };
		8125314523BF8344003E9C7F /* SceneDelegate.swift in Sources */ = {isa = PBXBuildFile; fileRef = 8125314423BF8344003E9C7F /* SceneDelegate.swift */; };
		8125314C23BF8349003E9C7F /* Assets.xcassets in Resources */ = {isa = PBXBuildFile; fileRef = 8125314B23BF8349003E9C7F /* Assets.xcassets */; };
		8125314F23BF8349003E9C7F /* LaunchScreen.storyboard in Resources */ = {isa = PBXBuildFile; fileRef = 8125314D23BF8349003E9C7F /* LaunchScreen.storyboard */; };
		8125315723BF8AB3003E9C7F /* SearchVC.swift in Sources */ = {isa = PBXBuildFile; fileRef = 8125315623BF8AB3003E9C7F /* SearchVC.swift */; };
		8125315923BF8AFF003E9C7F /* FavoritesListVC.swift in Sources */ = {isa = PBXBuildFile; fileRef = 8125315823BF8AFF003E9C7F /* FavoritesListVC.swift */; };
		8125315B23BF90BF003E9C7F /* GGButton.swift in Sources */ = {isa = PBXBuildFile; fileRef = 8125315A23BF90BF003E9C7F /* GGButton.swift */; };
		8125315D23BF9366003E9C7F /* GGTextField.swift in Sources */ = {isa = PBXBuildFile; fileRef = 8125315C23BF9366003E9C7F /* GGTextField.swift */; };
		814B0D5623C0D52900E156A5 /* Follower.swift in Sources */ = {isa = PBXBuildFile; fileRef = 814B0D5523C0D52900E156A5 /* Follower.swift */; };
		814B0D5823C0D62700E156A5 /* User.swift in Sources */ = {isa = PBXBuildFile; fileRef = 814B0D5723C0D62700E156A5 /* User.swift */; };
		817A79E823C0B94D00C73CFC /* FollowerListVC.swift in Sources */ = {isa = PBXBuildFile; fileRef = 817A79E723C0B94D00C73CFC /* FollowerListVC.swift */; };
		817A79EA23C0BFA700C73CFC /* GGTitleLabel.swift in Sources */ = {isa = PBXBuildFile; fileRef = 817A79E923C0BFA700C73CFC /* GGTitleLabel.swift */; };
		817A79EC23C0C0EF00C73CFC /* GGBodyLabel.swift in Sources */ = {isa = PBXBuildFile; fileRef = 817A79EB23C0C0EF00C73CFC /* GGBodyLabel.swift */; };
		817A79EE23C0C1AC00C73CFC /* GGAlertVC.swift in Sources */ = {isa = PBXBuildFile; fileRef = 817A79ED23C0C1AC00C73CFC /* GGAlertVC.swift */; };
		817A79F023C0C86D00C73CFC /* UIViewController+Ext.swift in Sources */ = {isa = PBXBuildFile; fileRef = 817A79EF23C0C86D00C73CFC /* UIViewController+Ext.swift */; };
/* End PBXBuildFile section */

/* Begin PBXFileReference section */
		8125313F23BF8344003E9C7F /* GetGit.app */ = {isa = PBXFileReference; explicitFileType = wrapper.application; includeInIndex = 0; path = GetGit.app; sourceTree = BUILT_PRODUCTS_DIR; };
		8125314223BF8344003E9C7F /* AppDelegate.swift */ = {isa = PBXFileReference; lastKnownFileType = sourcecode.swift; path = AppDelegate.swift; sourceTree = "<group>"; };
		8125314423BF8344003E9C7F /* SceneDelegate.swift */ = {isa = PBXFileReference; lastKnownFileType = sourcecode.swift; path = SceneDelegate.swift; sourceTree = "<group>"; };
		8125314B23BF8349003E9C7F /* Assets.xcassets */ = {isa = PBXFileReference; lastKnownFileType = folder.assetcatalog; path = Assets.xcassets; sourceTree = "<group>"; };
		8125314E23BF8349003E9C7F /* Base */ = {isa = PBXFileReference; lastKnownFileType = file.storyboard; name = Base; path = Base.lproj/LaunchScreen.storyboard; sourceTree = "<group>"; };
		8125315023BF8349003E9C7F /* Info.plist */ = {isa = PBXFileReference; lastKnownFileType = text.plist.xml; path = Info.plist; sourceTree = "<group>"; };
		8125315623BF8AB3003E9C7F /* SearchVC.swift */ = {isa = PBXFileReference; lastKnownFileType = sourcecode.swift; path = SearchVC.swift; sourceTree = "<group>"; };
		8125315823BF8AFF003E9C7F /* FavoritesListVC.swift */ = {isa = PBXFileReference; lastKnownFileType = sourcecode.swift; path = FavoritesListVC.swift; sourceTree = "<group>"; };
		8125315A23BF90BF003E9C7F /* GGButton.swift */ = {isa = PBXFileReference; lastKnownFileType = sourcecode.swift; path = GGButton.swift; sourceTree = "<group>"; };
		8125315C23BF9366003E9C7F /* GGTextField.swift */ = {isa = PBXFileReference; lastKnownFileType = sourcecode.swift; path = GGTextField.swift; sourceTree = "<group>"; };
		814B0D5523C0D52900E156A5 /* Follower.swift */ = {isa = PBXFileReference; lastKnownFileType = sourcecode.swift; path = Follower.swift; sourceTree = "<group>"; };
		814B0D5723C0D62700E156A5 /* User.swift */ = {isa = PBXFileReference; lastKnownFileType = sourcecode.swift; path = User.swift; sourceTree = "<group>"; };
		817A79E723C0B94D00C73CFC /* FollowerListVC.swift */ = {isa = PBXFileReference; lastKnownFileType = sourcecode.swift; path = FollowerListVC.swift; sourceTree = "<group>"; };
		817A79E923C0BFA700C73CFC /* GGTitleLabel.swift */ = {isa = PBXFileReference; lastKnownFileType = sourcecode.swift; path = GGTitleLabel.swift; sourceTree = "<group>"; };
		817A79EB23C0C0EF00C73CFC /* GGBodyLabel.swift */ = {isa = PBXFileReference; lastKnownFileType = sourcecode.swift; path = GGBodyLabel.swift; sourceTree = "<group>"; };
		817A79ED23C0C1AC00C73CFC /* GGAlertVC.swift */ = {isa = PBXFileReference; lastKnownFileType = sourcecode.swift; path = GGAlertVC.swift; sourceTree = "<group>"; };
		817A79EF23C0C86D00C73CFC /* UIViewController+Ext.swift */ = {isa = PBXFileReference; lastKnownFileType = sourcecode.swift; path = "UIViewController+Ext.swift"; sourceTree = "<group>"; };
		817A79F523C0CDD100C73CFC /* Default-568h@2x.png */ = {isa = PBXFileReference; lastKnownFileType = image.png; path = "Default-568h@2x.png"; sourceTree = "<group>"; };
/* End PBXFileReference section */

/* Begin PBXFrameworksBuildPhase section */
		8125313C23BF8344003E9C7F /* Frameworks */ = {
			isa = PBXFrameworksBuildPhase;
			buildActionMask = 2147483647;
			files = (
			);
			runOnlyForDeploymentPostprocessing = 0;
		};
/* End PBXFrameworksBuildPhase section */

/* Begin PBXGroup section */
		8125313623BF8344003E9C7F = {
			isa = PBXGroup;
			children = (
				817A79F523C0CDD100C73CFC /* Default-568h@2x.png */,
				8125314123BF8344003E9C7F /* GetGit */,
				8125314023BF8344003E9C7F /* Products */,
			);
			sourceTree = "<group>";
		};
		8125314023BF8344003E9C7F /* Products */ = {
			isa = PBXGroup;
			children = (
				8125313F23BF8344003E9C7F /* GetGit.app */,
			);
			name = Products;
			sourceTree = "<group>";
		};
		8125314123BF8344003E9C7F /* GetGit */ = {
			isa = PBXGroup;
			children = (
				814B0D5423C0D51100E156A5 /* Model */,
				817A79F323C0CBC800C73CFC /* Extensions */,
				817A79F223C0CB6B00C73CFC /* Custom Views */,
				817A79F123C0CB3800C73CFC /* Screens */,
				817A79F423C0CC2700C73CFC /* Support */,
			);
			path = GetGit;
			sourceTree = "<group>";
		};
		814B0D5423C0D51100E156A5 /* Model */ = {
			isa = PBXGroup;
			children = (
				814B0D5523C0D52900E156A5 /* Follower.swift */,
				814B0D5723C0D62700E156A5 /* User.swift */,
			);
			path = Model;
			sourceTree = "<group>";
		};
		817A79F123C0CB3800C73CFC /* Screens */ = {
			isa = PBXGroup;
			children = (
				8125315623BF8AB3003E9C7F /* SearchVC.swift */,
				8125315823BF8AFF003E9C7F /* FavoritesListVC.swift */,
				817A79E723C0B94D00C73CFC /* FollowerListVC.swift */,
			);
			path = Screens;
			sourceTree = "<group>";
		};
		817A79F223C0CB6B00C73CFC /* Custom Views */ = {
			isa = PBXGroup;
			children = (
				817A79ED23C0C1AC00C73CFC /* GGAlertVC.swift */,
				8125315A23BF90BF003E9C7F /* GGButton.swift */,
				8125315C23BF9366003E9C7F /* GGTextField.swift */,
				817A79E923C0BFA700C73CFC /* GGTitleLabel.swift */,
				817A79EB23C0C0EF00C73CFC /* GGBodyLabel.swift */,
			);
			path = "Custom Views";
			sourceTree = "<group>";
		};
		817A79F323C0CBC800C73CFC /* Extensions */ = {
			isa = PBXGroup;
			children = (
				817A79EF23C0C86D00C73CFC /* UIViewController+Ext.swift */,
			);
			path = Extensions;
			sourceTree = "<group>";
		};
		817A79F423C0CC2700C73CFC /* Support */ = {
			isa = PBXGroup;
			children = (
				8125314223BF8344003E9C7F /* AppDelegate.swift */,
				8125314423BF8344003E9C7F /* SceneDelegate.swift */,
				8125314B23BF8349003E9C7F /* Assets.xcassets */,
				8125314D23BF8349003E9C7F /* LaunchScreen.storyboard */,
				8125315023BF8349003E9C7F /* Info.plist */,
			);
			path = Support;
			sourceTree = "<group>";
		};
/* End PBXGroup section */

/* Begin PBXNativeTarget section */
		8125313E23BF8344003E9C7F /* GetGit */ = {
			isa = PBXNativeTarget;
			buildConfigurationList = 8125315323BF8349003E9C7F /* Build configuration list for PBXNativeTarget "GetGit" */;
			buildPhases = (
				8125313B23BF8344003E9C7F /* Sources */,
				8125313C23BF8344003E9C7F /* Frameworks */,
				8125313D23BF8344003E9C7F /* Resources */,
			);
			buildRules = (
			);
			dependencies = (
			);
			name = GetGit;
			productName = GetGit;
			productReference = 8125313F23BF8344003E9C7F /* GetGit.app */;
			productType = "com.apple.product-type.application";
		};
/* End PBXNativeTarget section */

/* Begin PBXProject section */
		8125313723BF8344003E9C7F /* Project object */ = {
			isa = PBXProject;
			attributes = {
				LastSwiftUpdateCheck = 1130;
				LastUpgradeCheck = 1130;
				ORGANIZATIONNAME = renks;
				TargetAttributes = {
					8125313E23BF8344003E9C7F = {
						CreatedOnToolsVersion = 11.3;
					};
				};
			};
			buildConfigurationList = 8125313A23BF8344003E9C7F /* Build configuration list for PBXProject "GetGit" */;
			compatibilityVersion = "Xcode 9.3";
			developmentRegion = en;
			hasScannedForEncodings = 0;
			knownRegions = (
				en,
				Base,
			);
			mainGroup = 8125313623BF8344003E9C7F;
			productRefGroup = 8125314023BF8344003E9C7F /* Products */;
			projectDirPath = "";
			projectRoot = "";
			targets = (
				8125313E23BF8344003E9C7F /* GetGit */,
			);
		};
/* End PBXProject section */

/* Begin PBXResourcesBuildPhase section */
		8125313D23BF8344003E9C7F /* Resources */ = {
			isa = PBXResourcesBuildPhase;
			buildActionMask = 2147483647;
			files = (
				8125314F23BF8349003E9C7F /* LaunchScreen.storyboard in Resources */,
				8125314C23BF8349003E9C7F /* Assets.xcassets in Resources */,
			);
			runOnlyForDeploymentPostprocessing = 0;
		};
/* End PBXResourcesBuildPhase section */

/* Begin PBXSourcesBuildPhase section */
		8125313B23BF8344003E9C7F /* Sources */ = {
			isa = PBXSourcesBuildPhase;
			buildActionMask = 2147483647;
			files = (
				814B0D5823C0D62700E156A5 /* User.swift in Sources */,
				8125315B23BF90BF003E9C7F /* GGButton.swift in Sources */,
				8125315923BF8AFF003E9C7F /* FavoritesListVC.swift in Sources */,
				8125315723BF8AB3003E9C7F /* SearchVC.swift in Sources */,
				817A79F023C0C86D00C73CFC /* UIViewController+Ext.swift in Sources */,
				8125315D23BF9366003E9C7F /* GGTextField.swift in Sources */,
				817A79E823C0B94D00C73CFC /* FollowerListVC.swift in Sources */,
				817A79EA23C0BFA700C73CFC /* GGTitleLabel.swift in Sources */,
				814B0D5623C0D52900E156A5 /* Follower.swift in Sources */,
				817A79EC23C0C0EF00C73CFC /* GGBodyLabel.swift in Sources */,
				817A79EE23C0C1AC00C73CFC /* GGAlertVC.swift in Sources */,
				8125314323BF8344003E9C7F /* AppDelegate.swift in Sources */,
				8125314523BF8344003E9C7F /* SceneDelegate.swift in Sources */,
			);
			runOnlyForDeploymentPostprocessing = 0;
		};
/* End PBXSourcesBuildPhase section */

/* Begin PBXVariantGroup section */
		8125314D23BF8349003E9C7F /* LaunchScreen.storyboard */ = {
			isa = PBXVariantGroup;
			children = (
				8125314E23BF8349003E9C7F /* Base */,
			);
			name = LaunchScreen.storyboard;
			sourceTree = "<group>";
		};
/* End PBXVariantGroup section */

/* Begin XCBuildConfiguration section */
		8125315123BF8349003E9C7F /* Debug */ = {
			isa = XCBuildConfiguration;
			buildSettings = {
				ALWAYS_SEARCH_USER_PATHS = NO;
				CLANG_ANALYZER_NONNULL = YES;
				CLANG_ANALYZER_NUMBER_OBJECT_CONVERSION = YES_AGGRESSIVE;
				CLANG_CXX_LANGUAGE_STANDARD = "gnu++14";
				CLANG_CXX_LIBRARY = "libc++";
				CLANG_ENABLE_MODULES = YES;
				CLANG_ENABLE_OBJC_ARC = YES;
				CLANG_ENABLE_OBJC_WEAK = YES;
				CLANG_WARN_BLOCK_CAPTURE_AUTORELEASING = YES;
				CLANG_WARN_BOOL_CONVERSION = YES;
				CLANG_WARN_COMMA = YES;
				CLANG_WARN_CONSTANT_CONVERSION = YES;
				CLANG_WARN_DEPRECATED_OBJC_IMPLEMENTATIONS = YES;
				CLANG_WARN_DIRECT_OBJC_ISA_USAGE = YES_ERROR;
				CLANG_WARN_DOCUMENTATION_COMMENTS = YES;
				CLANG_WARN_EMPTY_BODY = YES;
				CLANG_WARN_ENUM_CONVERSION = YES;
				CLANG_WARN_INFINITE_RECURSION = YES;
				CLANG_WARN_INT_CONVERSION = YES;
				CLANG_WARN_NON_LITERAL_NULL_CONVERSION = YES;
				CLANG_WARN_OBJC_IMPLICIT_RETAIN_SELF = YES;
				CLANG_WARN_OBJC_LITERAL_CONVERSION = YES;
				CLANG_WARN_OBJC_ROOT_CLASS = YES_ERROR;
				CLANG_WARN_RANGE_LOOP_ANALYSIS = YES;
				CLANG_WARN_STRICT_PROTOTYPES = YES;
				CLANG_WARN_SUSPICIOUS_MOVE = YES;
				CLANG_WARN_UNGUARDED_AVAILABILITY = YES_AGGRESSIVE;
				CLANG_WARN_UNREACHABLE_CODE = YES;
				CLANG_WARN__DUPLICATE_METHOD_MATCH = YES;
				COPY_PHASE_STRIP = NO;
				DEBUG_INFORMATION_FORMAT = dwarf;
				ENABLE_STRICT_OBJC_MSGSEND = YES;
				ENABLE_TESTABILITY = YES;
				GCC_C_LANGUAGE_STANDARD = gnu11;
				GCC_DYNAMIC_NO_PIC = NO;
				GCC_NO_COMMON_BLOCKS = YES;
				GCC_OPTIMIZATION_LEVEL = 0;
				GCC_PREPROCESSOR_DEFINITIONS = (
					"DEBUG=1",
					"$(inherited)",
				);
				GCC_WARN_64_TO_32_BIT_CONVERSION = YES;
				GCC_WARN_ABOUT_RETURN_TYPE = YES_ERROR;
				GCC_WARN_UNDECLARED_SELECTOR = YES;
				GCC_WARN_UNINITIALIZED_AUTOS = YES_AGGRESSIVE;
				GCC_WARN_UNUSED_FUNCTION = YES;
				GCC_WARN_UNUSED_VARIABLE = YES;
				IPHONEOS_DEPLOYMENT_TARGET = 13.2;
				MTL_ENABLE_DEBUG_INFO = INCLUDE_SOURCE;
				MTL_FAST_MATH = YES;
				ONLY_ACTIVE_ARCH = YES;
				SDKROOT = iphoneos;
				SWIFT_ACTIVE_COMPILATION_CONDITIONS = DEBUG;
				SWIFT_OPTIMIZATION_LEVEL = "-Onone";
			};
			name = Debug;
		};
		8125315223BF8349003E9C7F /* Release */ = {
			isa = XCBuildConfiguration;
			buildSettings = {
				ALWAYS_SEARCH_USER_PATHS = NO;
				CLANG_ANALYZER_NONNULL = YES;
				CLANG_ANALYZER_NUMBER_OBJECT_CONVERSION = YES_AGGRESSIVE;
				CLANG_CXX_LANGUAGE_STANDARD = "gnu++14";
				CLANG_CXX_LIBRARY = "libc++";
				CLANG_ENABLE_MODULES = YES;
				CLANG_ENABLE_OBJC_ARC = YES;
				CLANG_ENABLE_OBJC_WEAK = YES;
				CLANG_WARN_BLOCK_CAPTURE_AUTORELEASING = YES;
				CLANG_WARN_BOOL_CONVERSION = YES;
				CLANG_WARN_COMMA = YES;
				CLANG_WARN_CONSTANT_CONVERSION = YES;
				CLANG_WARN_DEPRECATED_OBJC_IMPLEMENTATIONS = YES;
				CLANG_WARN_DIRECT_OBJC_ISA_USAGE = YES_ERROR;
				CLANG_WARN_DOCUMENTATION_COMMENTS = YES;
				CLANG_WARN_EMPTY_BODY = YES;
				CLANG_WARN_ENUM_CONVERSION = YES;
				CLANG_WARN_INFINITE_RECURSION = YES;
				CLANG_WARN_INT_CONVERSION = YES;
				CLANG_WARN_NON_LITERAL_NULL_CONVERSION = YES;
				CLANG_WARN_OBJC_IMPLICIT_RETAIN_SELF = YES;
				CLANG_WARN_OBJC_LITERAL_CONVERSION = YES;
				CLANG_WARN_OBJC_ROOT_CLASS = YES_ERROR;
				CLANG_WARN_RANGE_LOOP_ANALYSIS = YES;
				CLANG_WARN_STRICT_PROTOTYPES = YES;
				CLANG_WARN_SUSPICIOUS_MOVE = YES;
				CLANG_WARN_UNGUARDED_AVAILABILITY = YES_AGGRESSIVE;
				CLANG_WARN_UNREACHABLE_CODE = YES;
				CLANG_WARN__DUPLICATE_METHOD_MATCH = YES;
				COPY_PHASE_STRIP = NO;
				DEBUG_INFORMATION_FORMAT = "dwarf-with-dsym";
				ENABLE_NS_ASSERTIONS = NO;
				ENABLE_STRICT_OBJC_MSGSEND = YES;
				GCC_C_LANGUAGE_STANDARD = gnu11;
				GCC_NO_COMMON_BLOCKS = YES;
				GCC_WARN_64_TO_32_BIT_CONVERSION = YES;
				GCC_WARN_ABOUT_RETURN_TYPE = YES_ERROR;
				GCC_WARN_UNDECLARED_SELECTOR = YES;
				GCC_WARN_UNINITIALIZED_AUTOS = YES_AGGRESSIVE;
				GCC_WARN_UNUSED_FUNCTION = YES;
				GCC_WARN_UNUSED_VARIABLE = YES;
				IPHONEOS_DEPLOYMENT_TARGET = 13.2;
				MTL_ENABLE_DEBUG_INFO = NO;
				MTL_FAST_MATH = YES;
				SDKROOT = iphoneos;
				SWIFT_COMPILATION_MODE = wholemodule;
				SWIFT_OPTIMIZATION_LEVEL = "-O";
				VALIDATE_PRODUCT = YES;
			};
			name = Release;
		};
		8125315423BF8349003E9C7F /* Debug */ = {
			isa = XCBuildConfiguration;
			buildSettings = {
				ASSETCATALOG_COMPILER_APPICON_NAME = AppIcon;
				CODE_SIGN_STYLE = Automatic;
				DEVELOPMENT_TEAM = S5W9FKJ4DL;
				INFOPLIST_FILE = "$(SRCROOT)/GetGit/Support/Info.plist";
				LD_RUNPATH_SEARCH_PATHS = (
					"$(inherited)",
					"@executable_path/Frameworks",
				);
				PRODUCT_BUNDLE_IDENTIFIER = sknerd.GetGit;
				PRODUCT_NAME = "$(TARGET_NAME)";
				SWIFT_VERSION = 5.0;
				TARGETED_DEVICE_FAMILY = 1;
			};
			name = Debug;
		};
		8125315523BF8349003E9C7F /* Release */ = {
			isa = XCBuildConfiguration;
			buildSettings = {
				ASSETCATALOG_COMPILER_APPICON_NAME = AppIcon;
				CODE_SIGN_STYLE = Automatic;
				DEVELOPMENT_TEAM = S5W9FKJ4DL;
				INFOPLIST_FILE = "$(SRCROOT)/GetGit/Support/Info.plist";
				LD_RUNPATH_SEARCH_PATHS = (
					"$(inherited)",
					"@executable_path/Frameworks",
				);
				PRODUCT_BUNDLE_IDENTIFIER = sknerd.GetGit;
				PRODUCT_NAME = "$(TARGET_NAME)";
				SWIFT_VERSION = 5.0;
				TARGETED_DEVICE_FAMILY = 1;
			};
			name = Release;
		};
/* End XCBuildConfiguration section */

/* Begin XCConfigurationList section */
		8125313A23BF8344003E9C7F /* Build configuration list for PBXProject "GetGit" */ = {
			isa = XCConfigurationList;
			buildConfigurations = (
				8125315123BF8349003E9C7F /* Debug */,
				8125315223BF8349003E9C7F /* Release */,
			);
			defaultConfigurationIsVisible = 0;
			defaultConfigurationName = Release;
		};
		8125315323BF8349003E9C7F /* Build configuration list for PBXNativeTarget "GetGit" */ = {
			isa = XCConfigurationList;
			buildConfigurations = (
				8125315423BF8349003E9C7F /* Debug */,
				8125315523BF8349003E9C7F /* Release */,
			);
			defaultConfigurationIsVisible = 0;
			defaultConfigurationName = Release;
		};
/* End XCConfigurationList section */
	};
	rootObject = 8125313723BF8344003E9C7F /* Project object */;
}
