// !$*UTF8*$!
{
	archiveVersion = 1;
	classes = {
	};
	objectVersion = 50;
	objects = {

/* Begin PBXBuildFile section */
		8100DBE323DF0D3E008B1FB8 /* GGUserInfoHeaderVC.swift in Sources */ = {isa = PBXBuildFile; fileRef = 8100DBE223DF0D3E008B1FB8 /* GGUserInfoHeaderVC.swift */; };
		8100DBE523DF0DA2008B1FB8 /* GGSecondaryTitleLabel.swift in Sources */ = {isa = PBXBuildFile; fileRef = 8100DBE423DF0DA2008B1FB8 /* GGSecondaryTitleLabel.swift */; };
		8100DBE723DF1567008B1FB8 /* Constants.swift in Sources */ = {isa = PBXBuildFile; fileRef = 8100DBE623DF1567008B1FB8 /* Constants.swift */; };
		8100DBE923DF2390008B1FB8 /* GGItemInfoView.swift in Sources */ = {isa = PBXBuildFile; fileRef = 8100DBE823DF2390008B1FB8 /* GGItemInfoView.swift */; };
		8100DBEB23DF27F5008B1FB8 /* GGItemInfoVC.swift in Sources */ = {isa = PBXBuildFile; fileRef = 8100DBEA23DF27F5008B1FB8 /* GGItemInfoVC.swift */; };
		8100DBED23DF2B95008B1FB8 /* GGRepoItemVC.swift in Sources */ = {isa = PBXBuildFile; fileRef = 8100DBEC23DF2B95008B1FB8 /* GGRepoItemVC.swift */; };
		8100DBEF23DF2E0E008B1FB8 /* GGFollowerItemVC.swift in Sources */ = {isa = PBXBuildFile; fileRef = 8100DBEE23DF2E0E008B1FB8 /* GGFollowerItemVC.swift */; };
		8125314323BF8344003E9C7F /* AppDelegate.swift in Sources */ = {isa = PBXBuildFile; fileRef = 8125314223BF8344003E9C7F /* AppDelegate.swift */; };
		8125314523BF8344003E9C7F /* SceneDelegate.swift in Sources */ = {isa = PBXBuildFile; fileRef = 8125314423BF8344003E9C7F /* SceneDelegate.swift */; };
		8125314C23BF8349003E9C7F /* Assets.xcassets in Resources */ = {isa = PBXBuildFile; fileRef = 8125314B23BF8349003E9C7F /* Assets.xcassets */; };
		8125314F23BF8349003E9C7F /* LaunchScreen.storyboard in Resources */ = {isa = PBXBuildFile; fileRef = 8125314D23BF8349003E9C7F /* LaunchScreen.storyboard */; };
		8125315723BF8AB3003E9C7F /* SearchVC.swift in Sources */ = {isa = PBXBuildFile; fileRef = 8125315623BF8AB3003E9C7F /* SearchVC.swift */; };
		8125315923BF8AFF003E9C7F /* FavoritesListVC.swift in Sources */ = {isa = PBXBuildFile; fileRef = 8125315823BF8AFF003E9C7F /* FavoritesListVC.swift */; };
		8125315B23BF90BF003E9C7F /* GGButton.swift in Sources */ = {isa = PBXBuildFile; fileRef = 8125315A23BF90BF003E9C7F /* GGButton.swift */; };
		8125315D23BF9366003E9C7F /* GGTextField.swift in Sources */ = {isa = PBXBuildFile; fileRef = 8125315C23BF9366003E9C7F /* GGTextField.swift */; };
		814B0D5623C0D52900E156A5 /* Follower.swift in Sources */ = {isa = PBXBuildFile; fileRef = 814B0D5523C0D52900E156A5 /* Follower.swift */; };
		814B0D5823C0D62700E156A5 /* User.swift in Sources */ = {isa = PBXBuildFile; fileRef = 814B0D5723C0D62700E156A5 /* User.swift */; };
		816ECBF623CB17EF00AC170C /* GGEmptyStateView.swift in Sources */ = {isa = PBXBuildFile; fileRef = 816ECBF523CB17EF00AC170C /* GGEmptyStateView.swift */; };
		816ECBF823CB27AC00AC170C /* UserInfoVC.swift in Sources */ = {isa = PBXBuildFile; fileRef = 816ECBF723CB27AC00AC170C /* UserInfoVC.swift */; };
		816ECBFA23CB342E00AC170C /* GGError.swift in Sources */ = {isa = PBXBuildFile; fileRef = 816ECBF923CB342E00AC170C /* GGError.swift */; };
		817A79E823C0B94D00C73CFC /* FollowerListVC.swift in Sources */ = {isa = PBXBuildFile; fileRef = 817A79E723C0B94D00C73CFC /* FollowerListVC.swift */; };
		817A79EA23C0BFA700C73CFC /* GGTitleLabel.swift in Sources */ = {isa = PBXBuildFile; fileRef = 817A79E923C0BFA700C73CFC /* GGTitleLabel.swift */; };
		817A79EC23C0C0EF00C73CFC /* GGBodyLabel.swift in Sources */ = {isa = PBXBuildFile; fileRef = 817A79EB23C0C0EF00C73CFC /* GGBodyLabel.swift */; };
		817A79EE23C0C1AC00C73CFC /* GGAlertVC.swift in Sources */ = {isa = PBXBuildFile; fileRef = 817A79ED23C0C1AC00C73CFC /* GGAlertVC.swift */; };
		817A79F023C0C86D00C73CFC /* UIViewController+Ext.swift in Sources */ = {isa = PBXBuildFile; fileRef = 817A79EF23C0C86D00C73CFC /* UIViewController+Ext.swift */; };
		819BAF4E23C73831000B70BB /* FollowerCell.swift in Sources */ = {isa = PBXBuildFile; fileRef = 819BAF4D23C73831000B70BB /* FollowerCell.swift */; };
		819BAF5023C738BD000B70BB /* GGAvatarImageView.swift in Sources */ = {isa = PBXBuildFile; fileRef = 819BAF4F23C738BD000B70BB /* GGAvatarImageView.swift */; };
		819BAF5223C74D5F000B70BB /* UIHelper.swift in Sources */ = {isa = PBXBuildFile; fileRef = 819BAF5123C74D5F000B70BB /* UIHelper.swift */; };
		81A53C8723DF3409007613B8 /* Date+Ext.swift in Sources */ = {isa = PBXBuildFile; fileRef = 81A53C8623DF3409007613B8 /* Date+Ext.swift */; };
		81A53C8923DF343E007613B8 /* String+Ext.swift in Sources */ = {isa = PBXBuildFile; fileRef = 81A53C8823DF343E007613B8 /* String+Ext.swift */; };
		81B1A69223C1DD8400FDB9BD /* NetworkManager.swift in Sources */ = {isa = PBXBuildFile; fileRef = 81B1A69123C1DD8400FDB9BD /* NetworkManager.swift */; };
/* End PBXBuildFile section */

/* Begin PBXFileReference section */
		8100DBE223DF0D3E008B1FB8 /* GGUserInfoHeaderVC.swift */ = {isa = PBXFileReference; lastKnownFileType = sourcecode.swift; path = GGUserInfoHeaderVC.swift; sourceTree = "<group>"; };
		8100DBE423DF0DA2008B1FB8 /* GGSecondaryTitleLabel.swift */ = {isa = PBXFileReference; lastKnownFileType = sourcecode.swift; path = GGSecondaryTitleLabel.swift; sourceTree = "<group>"; };
		8100DBE623DF1567008B1FB8 /* Constants.swift */ = {isa = PBXFileReference; lastKnownFileType = sourcecode.swift; path = Constants.swift; sourceTree = "<group>"; };
		8100DBE823DF2390008B1FB8 /* GGItemInfoView.swift */ = {isa = PBXFileReference; lastKnownFileType = sourcecode.swift; path = GGItemInfoView.swift; sourceTree = "<group>"; };
		8100DBEA23DF27F5008B1FB8 /* GGItemInfoVC.swift */ = {isa = PBXFileReference; lastKnownFileType = sourcecode.swift; path = GGItemInfoVC.swift; sourceTree = "<group>"; };
		8100DBEC23DF2B95008B1FB8 /* GGRepoItemVC.swift */ = {isa = PBXFileReference; lastKnownFileType = sourcecode.swift; path = GGRepoItemVC.swift; sourceTree = "<group>"; };
		8100DBEE23DF2E0E008B1FB8 /* GGFollowerItemVC.swift */ = {isa = PBXFileReference; lastKnownFileType = sourcecode.swift; path = GGFollowerItemVC.swift; sourceTree = "<group>"; };
		8125313F23BF8344003E9C7F /* GetGit.app */ = {isa = PBXFileReference; explicitFileType = wrapper.application; includeInIndex = 0; path = GetGit.app; sourceTree = BUILT_PRODUCTS_DIR; };
		8125314223BF8344003E9C7F /* AppDelegate.swift */ = {isa = PBXFileReference; lastKnownFileType = sourcecode.swift; path = AppDelegate.swift; sourceTree = "<group>"; };
		8125314423BF8344003E9C7F /* SceneDelegate.swift */ = {isa = PBXFileReference; lastKnownFileType = sourcecode.swift; path = SceneDelegate.swift; sourceTree = "<group>"; };
		8125314B23BF8349003E9C7F /* Assets.xcassets */ = {isa = PBXFileReference; lastKnownFileType = folder.assetcatalog; path = Assets.xcassets; sourceTree = "<group>"; };
		8125314E23BF8349003E9C7F /* Base */ = {isa = PBXFileReference; lastKnownFileType = file.storyboard; name = Base; path = Base.lproj/LaunchScreen.storyboard; sourceTree = "<group>"; };
		8125315023BF8349003E9C7F /* Info.plist */ = {isa = PBXFileReference; lastKnownFileType = text.plist.xml; path = Info.plist; sourceTree = "<group>"; };
		8125315623BF8AB3003E9C7F /* SearchVC.swift */ = {isa = PBXFileReference; lastKnownFileType = sourcecode.swift; path = SearchVC.swift; sourceTree = "<group>"; };
		8125315823BF8AFF003E9C7F /* FavoritesListVC.swift */ = {isa = PBXFileReference; lastKnownFileType = sourcecode.swift; path = FavoritesListVC.swift; sourceTree = "<group>"; };
		8125315A23BF90BF003E9C7F /* GGButton.swift */ = {isa = PBXFileReference; lastKnownFileType = sourcecode.swift; path = GGButton.swift; sourceTree = "<group>"; };
		8125315C23BF9366003E9C7F /* GGTextField.swift */ = {isa = PBXFileReference; lastKnownFileType = sourcecode.swift; path = GGTextField.swift; sourceTree = "<group>"; };
		814B0D5523C0D52900E156A5 /* Follower.swift */ = {isa = PBXFileReference; lastKnownFileType = sourcecode.swift; path = Follower.swift; sourceTree = "<group>"; };
		814B0D5723C0D62700E156A5 /* User.swift */ = {isa = PBXFileReference; lastKnownFileType = sourcecode.swift; path = User.swift; sourceTree = "<group>"; };
		816ECBF523CB17EF00AC170C /* GGEmptyStateView.swift */ = {isa = PBXFileReference; lastKnownFileType = sourcecode.swift; path = GGEmptyStateView.swift; sourceTree = "<group>"; };
		816ECBF723CB27AC00AC170C /* UserInfoVC.swift */ = {isa = PBXFileReference; lastKnownFileType = sourcecode.swift; path = UserInfoVC.swift; sourceTree = "<group>"; };
		816ECBF923CB342E00AC170C /* GGError.swift */ = {isa = PBXFileReference; lastKnownFileType = sourcecode.swift; path = GGError.swift; sourceTree = "<group>"; };
		817A79E723C0B94D00C73CFC /* FollowerListVC.swift */ = {isa = PBXFileReference; lastKnownFileType = sourcecode.swift; path = FollowerListVC.swift; sourceTree = "<group>"; };
		817A79E923C0BFA700C73CFC /* GGTitleLabel.swift */ = {isa = PBXFileReference; lastKnownFileType = sourcecode.swift; path = GGTitleLabel.swift; sourceTree = "<group>"; };
		817A79EB23C0C0EF00C73CFC /* GGBodyLabel.swift */ = {isa = PBXFileReference; lastKnownFileType = sourcecode.swift; path = GGBodyLabel.swift; sourceTree = "<group>"; };
		817A79ED23C0C1AC00C73CFC /* GGAlertVC.swift */ = {isa = PBXFileReference; lastKnownFileType = sourcecode.swift; path = GGAlertVC.swift; sourceTree = "<group>"; };
		817A79EF23C0C86D00C73CFC /* UIViewController+Ext.swift */ = {isa = PBXFileReference; lastKnownFileType = sourcecode.swift; path = "UIViewController+Ext.swift"; sourceTree = "<group>"; };
		819BAF4D23C73831000B70BB /* FollowerCell.swift */ = {isa = PBXFileReference; lastKnownFileType = sourcecode.swift; path = FollowerCell.swift; sourceTree = "<group>"; };
		819BAF4F23C738BD000B70BB /* GGAvatarImageView.swift */ = {isa = PBXFileReference; lastKnownFileType = sourcecode.swift; path = GGAvatarImageView.swift; sourceTree = "<group>"; };
		819BAF5123C74D5F000B70BB /* UIHelper.swift */ = {isa = PBXFileReference; lastKnownFileType = sourcecode.swift; path = UIHelper.swift; sourceTree = "<group>"; };
		81A53C8623DF3409007613B8 /* Date+Ext.swift */ = {isa = PBXFileReference; lastKnownFileType = sourcecode.swift; path = "Date+Ext.swift"; sourceTree = "<group>"; };
		81A53C8823DF343E007613B8 /* String+Ext.swift */ = {isa = PBXFileReference; lastKnownFileType = sourcecode.swift; path = "String+Ext.swift"; sourceTree = "<group>"; };
		81B1A69123C1DD8400FDB9BD /* NetworkManager.swift */ = {isa = PBXFileReference; lastKnownFileType = sourcecode.swift; path = NetworkManager.swift; sourceTree = "<group>"; };
/* End PBXFileReference section */

/* Begin PBXFrameworksBuildPhase section */
		8125313C23BF8344003E9C7F /* Frameworks */ = {
			isa = PBXFrameworksBuildPhase;
			buildActionMask = 2147483647;
			files = (
			);
			runOnlyForDeploymentPostprocessing = 0;
		};
/* End PBXFrameworksBuildPhase section */

/* Begin PBXGroup section */
		8100DBF023DF2E79008B1FB8 /* ItemInfoVCs */ = {
			isa = PBXGroup;
			children = (
				8100DBEA23DF27F5008B1FB8 /* GGItemInfoVC.swift */,
				8100DBEC23DF2B95008B1FB8 /* GGRepoItemVC.swift */,
				8100DBEE23DF2E0E008B1FB8 /* GGFollowerItemVC.swift */,
			);
			path = ItemInfoVCs;
			sourceTree = "<group>";
		};
		8125313623BF8344003E9C7F = {
			isa = PBXGroup;
			children = (
				8125314123BF8344003E9C7F /* GetGit */,
				8125314023BF8344003E9C7F /* Products */,
			);
			sourceTree = "<group>";
		};
		8125314023BF8344003E9C7F /* Products */ = {
			isa = PBXGroup;
			children = (
				8125313F23BF8344003E9C7F /* GetGit.app */,
			);
			name = Products;
			sourceTree = "<group>";
		};
		8125314123BF8344003E9C7F /* GetGit */ = {
			isa = PBXGroup;
			children = (
				81B1A69323C1EDDA00FDB9BD /* Utilities */,
				81B1A69023C1DD6C00FDB9BD /* Managers */,
				814B0D5423C0D51100E156A5 /* Model */,
				817A79F323C0CBC800C73CFC /* Extensions */,
				817A79F223C0CB6B00C73CFC /* Custom Views */,
				817A79F123C0CB3800C73CFC /* Screens */,
				817A79F423C0CC2700C73CFC /* Support */,
				8125315023BF8349003E9C7F /* Info.plist */,
			);
			path = GetGit;
			sourceTree = "<group>";
		};
		814B0D5423C0D51100E156A5 /* Model */ = {
			isa = PBXGroup;
			children = (
				814B0D5523C0D52900E156A5 /* Follower.swift */,
				814B0D5723C0D62700E156A5 /* User.swift */,
			);
			path = Model;
			sourceTree = "<group>";
		};
		816ECBEF23CB178500AC170C /* Views */ = {
			isa = PBXGroup;
			children = (
				816ECBF523CB17EF00AC170C /* GGEmptyStateView.swift */,
				8100DBE823DF2390008B1FB8 /* GGItemInfoView.swift */,
			);
			path = Views;
			sourceTree = "<group>";
		};
		816ECBF023CB178E00AC170C /* Buttons */ = {
			isa = PBXGroup;
			children = (
				8125315A23BF90BF003E9C7F /* GGButton.swift */,
			);
			path = Buttons;
			sourceTree = "<group>";
		};
		816ECBF123CB179500AC170C /* TextFields */ = {
			isa = PBXGroup;
			children = (
				8125315C23BF9366003E9C7F /* GGTextField.swift */,
			);
			path = TextFields;
			sourceTree = "<group>";
		};
		816ECBF223CB179B00AC170C /* ImageViews */ = {
			isa = PBXGroup;
			children = (
				819BAF4F23C738BD000B70BB /* GGAvatarImageView.swift */,
			);
			path = ImageViews;
			sourceTree = "<group>";
		};
		816ECBF323CB17A400AC170C /* ViewControllers */ = {
			isa = PBXGroup;
			children = (
				8100DBF023DF2E79008B1FB8 /* ItemInfoVCs */,
				817A79ED23C0C1AC00C73CFC /* GGAlertVC.swift */,
				8100DBE223DF0D3E008B1FB8 /* GGUserInfoHeaderVC.swift */,
			);
			path = ViewControllers;
			sourceTree = "<group>";
		};
		816ECBF423CB17BB00AC170C /* Labels */ = {
			isa = PBXGroup;
			children = (
				817A79E923C0BFA700C73CFC /* GGTitleLabel.swift */,
				8100DBE423DF0DA2008B1FB8 /* GGSecondaryTitleLabel.swift */,
				817A79EB23C0C0EF00C73CFC /* GGBodyLabel.swift */,
			);
			path = Labels;
			sourceTree = "<group>";
		};
		817A79F123C0CB3800C73CFC /* Screens */ = {
			isa = PBXGroup;
			children = (
				8125315623BF8AB3003E9C7F /* SearchVC.swift */,
				817A79E723C0B94D00C73CFC /* FollowerListVC.swift */,
				8125315823BF8AFF003E9C7F /* FavoritesListVC.swift */,
				816ECBF723CB27AC00AC170C /* UserInfoVC.swift */,
			);
			path = Screens;
			sourceTree = "<group>";
		};
		817A79F223C0CB6B00C73CFC /* Custom Views */ = {
			isa = PBXGroup;
			children = (
				816ECBF423CB17BB00AC170C /* Labels */,
				816ECBF323CB17A400AC170C /* ViewControllers */,
				816ECBF223CB179B00AC170C /* ImageViews */,
				816ECBF123CB179500AC170C /* TextFields */,
				816ECBF023CB178E00AC170C /* Buttons */,
				816ECBEF23CB178500AC170C /* Views */,
				819BAF4C23C7380D000B70BB /* Cells */,
			);
			path = "Custom Views";
			sourceTree = "<group>";
		};
		817A79F323C0CBC800C73CFC /* Extensions */ = {
			isa = PBXGroup;
			children = (
				817A79EF23C0C86D00C73CFC /* UIViewController+Ext.swift */,
				81A53C8623DF3409007613B8 /* Date+Ext.swift */,
				81A53C8823DF343E007613B8 /* String+Ext.swift */,
			);
			path = Extensions;
			sourceTree = "<group>";
		};
		817A79F423C0CC2700C73CFC /* Support */ = {
			isa = PBXGroup;
			children = (
				8125314223BF8344003E9C7F /* AppDelegate.swift */,
				8125314423BF8344003E9C7F /* SceneDelegate.swift */,
				8125314B23BF8349003E9C7F /* Assets.xcassets */,
				8125314D23BF8349003E9C7F /* LaunchScreen.storyboard */,
			);
			path = Support;
			sourceTree = "<group>";
		};
		819BAF4C23C7380D000B70BB /* Cells */ = {
			isa = PBXGroup;
			children = (
				819BAF4D23C73831000B70BB /* FollowerCell.swift */,
			);
			path = Cells;
			sourceTree = "<group>";
		};
		81B1A69023C1DD6C00FDB9BD /* Managers */ = {
			isa = PBXGroup;
			children = (
				81B1A69123C1DD8400FDB9BD /* NetworkManager.swift */,
			);
			path = Managers;
			sourceTree = "<group>";
		};
		81B1A69323C1EDDA00FDB9BD /* Utilities */ = {
			isa = PBXGroup;
			children = (
				819BAF5123C74D5F000B70BB /* UIHelper.swift */,
				816ECBF923CB342E00AC170C /* GGError.swift */,
				8100DBE623DF1567008B1FB8 /* Constants.swift */,
			);
			path = Utilities;
			sourceTree = "<group>";
		};
/* End PBXGroup section */

/* Begin PBXNativeTarget section */
		8125313E23BF8344003E9C7F /* GetGit */ = {
			isa = PBXNativeTarget;
			buildConfigurationList = 8125315323BF8349003E9C7F /* Build configuration list for PBXNativeTarget "GetGit" */;
			buildPhases = (
				8125313B23BF8344003E9C7F /* Sources */,
				8125313C23BF8344003E9C7F /* Frameworks */,
				8125313D23BF8344003E9C7F /* Resources */,
			);
			buildRules = (
			);
			dependencies = (
			);
			name = GetGit;
			productName = GetGit;
			productReference = 8125313F23BF8344003E9C7F /* GetGit.app */;
			productType = "com.apple.product-type.application";
		};
/* End PBXNativeTarget section */

/* Begin PBXProject section */
		8125313723BF8344003E9C7F /* Project object */ = {
			isa = PBXProject;
			attributes = {
				LastSwiftUpdateCheck = 1130;
				LastUpgradeCheck = 1130;
				ORGANIZATIONNAME = renks;
				TargetAttributes = {
					8125313E23BF8344003E9C7F = {
						CreatedOnToolsVersion = 11.3;
					};
				};
			};
			buildConfigurationList = 8125313A23BF8344003E9C7F /* Build configuration list for PBXProject "GetGit" */;
			compatibilityVersion = "Xcode 9.3";
			developmentRegion = en;
			hasScannedForEncodings = 0;
			knownRegions = (
				en,
				Base,
			);
			mainGroup = 8125313623BF8344003E9C7F;
			productRefGroup = 8125314023BF8344003E9C7F /* Products */;
			projectDirPath = "";
			projectRoot = "";
			targets = (
				8125313E23BF8344003E9C7F /* GetGit */,
			);
		};
/* End PBXProject section */

/* Begin PBXResourcesBuildPhase section */
		8125313D23BF8344003E9C7F /* Resources */ = {
			isa = PBXResourcesBuildPhase;
			buildActionMask = 2147483647;
			files = (
				8125314F23BF8349003E9C7F /* LaunchScreen.storyboard in Resources */,
				8125314C23BF8349003E9C7F /* Assets.xcassets in Resources */,
			);
			runOnlyForDeploymentPostprocessing = 0;
		};
/* End PBXResourcesBuildPhase section */

/* Begin PBXSourcesBuildPhase section */
		8125313B23BF8344003E9C7F /* Sources */ = {
			isa = PBXSourcesBuildPhase;
			buildActionMask = 2147483647;
			files = (
				819BAF5023C738BD000B70BB /* GGAvatarImageView.swift in Sources */,
				814B0D5823C0D62700E156A5 /* User.swift in Sources */,
				8125315B23BF90BF003E9C7F /* GGButton.swift in Sources */,
				81A53C8923DF343E007613B8 /* String+Ext.swift in Sources */,
				8100DBE923DF2390008B1FB8 /* GGItemInfoView.swift in Sources */,
				8125315923BF8AFF003E9C7F /* FavoritesListVC.swift in Sources */,
				8125315723BF8AB3003E9C7F /* SearchVC.swift in Sources */,
				8100DBEB23DF27F5008B1FB8 /* GGItemInfoVC.swift in Sources */,
				819BAF5223C74D5F000B70BB /* UIHelper.swift in Sources */,
				8100DBE723DF1567008B1FB8 /* Constants.swift in Sources */,
				816ECBF623CB17EF00AC170C /* GGEmptyStateView.swift in Sources */,
				817A79F023C0C86D00C73CFC /* UIViewController+Ext.swift in Sources */,
				8125315D23BF9366003E9C7F /* GGTextField.swift in Sources */,
				817A79E823C0B94D00C73CFC /* FollowerListVC.swift in Sources */,
				819BAF4E23C73831000B70BB /* FollowerCell.swift in Sources */,
				817A79EA23C0BFA700C73CFC /* GGTitleLabel.swift in Sources */,
				814B0D5623C0D52900E156A5 /* Follower.swift in Sources */,
				817A79EC23C0C0EF00C73CFC /* GGBodyLabel.swift in Sources */,
				8100DBED23DF2B95008B1FB8 /* GGRepoItemVC.swift in Sources */,
				81B1A69223C1DD8400FDB9BD /* NetworkManager.swift in Sources */,
				81A53C8723DF3409007613B8 /* Date+Ext.swift in Sources */,
				817A79EE23C0C1AC00C73CFC /* GGAlertVC.swift in Sources */,
				8100DBE323DF0D3E008B1FB8 /* GGUserInfoHeaderVC.swift in Sources */,
				816ECBFA23CB342E00AC170C /* GGError.swift in Sources */,
				8125314323BF8344003E9C7F /* AppDelegate.swift in Sources */,
				8125314523BF8344003E9C7F /* SceneDelegate.swift in Sources */,
				8100DBE523DF0DA2008B1FB8 /* GGSecondaryTitleLabel.swift in Sources */,
				816ECBF823CB27AC00AC170C /* UserInfoVC.swift in Sources */,
				8100DBEF23DF2E0E008B1FB8 /* GGFollowerItemVC.swift in Sources */,
			);
			runOnlyForDeploymentPostprocessing = 0;
		};
/* End PBXSourcesBuildPhase section */

/* Begin PBXVariantGroup section */
		8125314D23BF8349003E9C7F /* LaunchScreen.storyboard */ = {
			isa = PBXVariantGroup;
			children = (
				8125314E23BF8349003E9C7F /* Base */,
			);
			name = LaunchScreen.storyboard;
			sourceTree = "<group>";
		};
/* End PBXVariantGroup section */

/* Begin XCBuildConfiguration section */
		8125315123BF8349003E9C7F /* Debug */ = {
			isa = XCBuildConfiguration;
			buildSettings = {
				ALWAYS_SEARCH_USER_PATHS = NO;
				CLANG_ANALYZER_NONNULL = YES;
				CLANG_ANALYZER_NUMBER_OBJECT_CONVERSION = YES_AGGRESSIVE;
				CLANG_CXX_LANGUAGE_STANDARD = "gnu++14";
				CLANG_CXX_LIBRARY = "libc++";
				CLANG_ENABLE_MODULES = YES;
				CLANG_ENABLE_OBJC_ARC = YES;
				CLANG_ENABLE_OBJC_WEAK = YES;
				CLANG_WARN_BLOCK_CAPTURE_AUTORELEASING = YES;
				CLANG_WARN_BOOL_CONVERSION = YES;
				CLANG_WARN_COMMA = YES;
				CLANG_WARN_CONSTANT_CONVERSION = YES;
				CLANG_WARN_DEPRECATED_OBJC_IMPLEMENTATIONS = YES;
				CLANG_WARN_DIRECT_OBJC_ISA_USAGE = YES_ERROR;
				CLANG_WARN_DOCUMENTATION_COMMENTS = YES;
				CLANG_WARN_EMPTY_BODY = YES;
				CLANG_WARN_ENUM_CONVERSION = YES;
				CLANG_WARN_INFINITE_RECURSION = YES;
				CLANG_WARN_INT_CONVERSION = YES;
				CLANG_WARN_NON_LITERAL_NULL_CONVERSION = YES;
				CLANG_WARN_OBJC_IMPLICIT_RETAIN_SELF = YES;
				CLANG_WARN_OBJC_LITERAL_CONVERSION = YES;
				CLANG_WARN_OBJC_ROOT_CLASS = YES_ERROR;
				CLANG_WARN_RANGE_LOOP_ANALYSIS = YES;
				CLANG_WARN_STRICT_PROTOTYPES = YES;
				CLANG_WARN_SUSPICIOUS_MOVE = YES;
				CLANG_WARN_UNGUARDED_AVAILABILITY = YES_AGGRESSIVE;
				CLANG_WARN_UNREACHABLE_CODE = YES;
				CLANG_WARN__DUPLICATE_METHOD_MATCH = YES;
				COPY_PHASE_STRIP = NO;
				DEBUG_INFORMATION_FORMAT = dwarf;
				ENABLE_STRICT_OBJC_MSGSEND = YES;
				ENABLE_TESTABILITY = YES;
				GCC_C_LANGUAGE_STANDARD = gnu11;
				GCC_DYNAMIC_NO_PIC = NO;
				GCC_NO_COMMON_BLOCKS = YES;
				GCC_OPTIMIZATION_LEVEL = 0;
				GCC_PREPROCESSOR_DEFINITIONS = (
					"DEBUG=1",
					"$(inherited)",
				);
				GCC_WARN_64_TO_32_BIT_CONVERSION = YES;
				GCC_WARN_ABOUT_RETURN_TYPE = YES_ERROR;
				GCC_WARN_UNDECLARED_SELECTOR = YES;
				GCC_WARN_UNINITIALIZED_AUTOS = YES_AGGRESSIVE;
				GCC_WARN_UNUSED_FUNCTION = YES;
				GCC_WARN_UNUSED_VARIABLE = YES;
				IPHONEOS_DEPLOYMENT_TARGET = 13.2;
				MTL_ENABLE_DEBUG_INFO = INCLUDE_SOURCE;
				MTL_FAST_MATH = YES;
				ONLY_ACTIVE_ARCH = YES;
				SDKROOT = iphoneos;
				SWIFT_ACTIVE_COMPILATION_CONDITIONS = DEBUG;
				SWIFT_OPTIMIZATION_LEVEL = "-Onone";
			};
			name = Debug;
		};
		8125315223BF8349003E9C7F /* Release */ = {
			isa = XCBuildConfiguration;
			buildSettings = {
				ALWAYS_SEARCH_USER_PATHS = NO;
				CLANG_ANALYZER_NONNULL = YES;
				CLANG_ANALYZER_NUMBER_OBJECT_CONVERSION = YES_AGGRESSIVE;
				CLANG_CXX_LANGUAGE_STANDARD = "gnu++14";
				CLANG_CXX_LIBRARY = "libc++";
				CLANG_ENABLE_MODULES = YES;
				CLANG_ENABLE_OBJC_ARC = YES;
				CLANG_ENABLE_OBJC_WEAK = YES;
				CLANG_WARN_BLOCK_CAPTURE_AUTORELEASING = YES;
				CLANG_WARN_BOOL_CONVERSION = YES;
				CLANG_WARN_COMMA = YES;
				CLANG_WARN_CONSTANT_CONVERSION = YES;
				CLANG_WARN_DEPRECATED_OBJC_IMPLEMENTATIONS = YES;
				CLANG_WARN_DIRECT_OBJC_ISA_USAGE = YES_ERROR;
				CLANG_WARN_DOCUMENTATION_COMMENTS = YES;
				CLANG_WARN_EMPTY_BODY = YES;
				CLANG_WARN_ENUM_CONVERSION = YES;
				CLANG_WARN_INFINITE_RECURSION = YES;
				CLANG_WARN_INT_CONVERSION = YES;
				CLANG_WARN_NON_LITERAL_NULL_CONVERSION = YES;
				CLANG_WARN_OBJC_IMPLICIT_RETAIN_SELF = YES;
				CLANG_WARN_OBJC_LITERAL_CONVERSION = YES;
				CLANG_WARN_OBJC_ROOT_CLASS = YES_ERROR;
				CLANG_WARN_RANGE_LOOP_ANALYSIS = YES;
				CLANG_WARN_STRICT_PROTOTYPES = YES;
				CLANG_WARN_SUSPICIOUS_MOVE = YES;
				CLANG_WARN_UNGUARDED_AVAILABILITY = YES_AGGRESSIVE;
				CLANG_WARN_UNREACHABLE_CODE = YES;
				CLANG_WARN__DUPLICATE_METHOD_MATCH = YES;
				COPY_PHASE_STRIP = NO;
				DEBUG_INFORMATION_FORMAT = "dwarf-with-dsym";
				ENABLE_NS_ASSERTIONS = NO;
				ENABLE_STRICT_OBJC_MSGSEND = YES;
				GCC_C_LANGUAGE_STANDARD = gnu11;
				GCC_NO_COMMON_BLOCKS = YES;
				GCC_WARN_64_TO_32_BIT_CONVERSION = YES;
				GCC_WARN_ABOUT_RETURN_TYPE = YES_ERROR;
				GCC_WARN_UNDECLARED_SELECTOR = YES;
				GCC_WARN_UNINITIALIZED_AUTOS = YES_AGGRESSIVE;
				GCC_WARN_UNUSED_FUNCTION = YES;
				GCC_WARN_UNUSED_VARIABLE = YES;
				IPHONEOS_DEPLOYMENT_TARGET = 13.2;
				MTL_ENABLE_DEBUG_INFO = NO;
				MTL_FAST_MATH = YES;
				SDKROOT = iphoneos;
				SWIFT_COMPILATION_MODE = wholemodule;
				SWIFT_OPTIMIZATION_LEVEL = "-O";
				VALIDATE_PRODUCT = YES;
			};
			name = Release;
		};
		8125315423BF8349003E9C7F /* Debug */ = {
			isa = XCBuildConfiguration;
			buildSettings = {
				ASSETCATALOG_COMPILER_APPICON_NAME = AppIcon;
				CODE_SIGN_STYLE = Automatic;
				DEVELOPMENT_TEAM = S5W9FKJ4DL;
				INFOPLIST_FILE = "$(SRCROOT)/GetGit/Info.plist";
				LD_RUNPATH_SEARCH_PATHS = (
					"$(inherited)",
					"@executable_path/Frameworks",
				);
				PRODUCT_BUNDLE_IDENTIFIER = sknerd.GetGit;
				PRODUCT_NAME = "$(TARGET_NAME)";
				SWIFT_VERSION = 5.0;
				TARGETED_DEVICE_FAMILY = 1;
			};
			name = Debug;
		};
		8125315523BF8349003E9C7F /* Release */ = {
			isa = XCBuildConfiguration;
			buildSettings = {
				ASSETCATALOG_COMPILER_APPICON_NAME = AppIcon;
				CODE_SIGN_STYLE = Automatic;
				DEVELOPMENT_TEAM = S5W9FKJ4DL;
				INFOPLIST_FILE = "$(SRCROOT)/GetGit/Info.plist";
				LD_RUNPATH_SEARCH_PATHS = (
					"$(inherited)",
					"@executable_path/Frameworks",
				);
				PRODUCT_BUNDLE_IDENTIFIER = sknerd.GetGit;
				PRODUCT_NAME = "$(TARGET_NAME)";
				SWIFT_VERSION = 5.0;
				TARGETED_DEVICE_FAMILY = 1;
			};
			name = Release;
		};
/* End XCBuildConfiguration section */

/* Begin XCConfigurationList section */
		8125313A23BF8344003E9C7F /* Build configuration list for PBXProject "GetGit" */ = {
			isa = XCConfigurationList;
			buildConfigurations = (
				8125315123BF8349003E9C7F /* Debug */,
				8125315223BF8349003E9C7F /* Release */,
			);
			defaultConfigurationIsVisible = 0;
			defaultConfigurationName = Release;
		};
		8125315323BF8349003E9C7F /* Build configuration list for PBXNativeTarget "GetGit" */ = {
			isa = XCConfigurationList;
			buildConfigurations = (
				8125315423BF8349003E9C7F /* Debug */,
				8125315523BF8349003E9C7F /* Release */,
			);
			defaultConfigurationIsVisible = 0;
			defaultConfigurationName = Release;
		};
/* End XCConfigurationList section */
	};
	rootObject = 8125313723BF8344003E9C7F /* Project object */;
}
